// !$*UTF8*$!
{
	archiveVersion = 1;
	classes = {
	};
	objectVersion = 46;
	objects = {

/* Begin PBXBuildFile section */
		A655B3421CDF756C001FDB1A /* Request.swift in Sources */ = {isa = PBXBuildFile; fileRef = A655B3411CDF756C001FDB1A /* Request.swift */; };
		A655B3451CDF7873001FDB1A /* Helper.swift in Sources */ = {isa = PBXBuildFile; fileRef = A655B3441CDF7873001FDB1A /* Helper.swift */; };
		A655B3471CDFEC82001FDB1A /* Reachability.swift in Sources */ = {isa = PBXBuildFile; fileRef = A655B3461CDFEC82001FDB1A /* Reachability.swift */; };
		A68422421CDCE64300844EAE /* DetalheViewController.swift in Sources */ = {isa = PBXBuildFile; fileRef = A68422411CDCE64300844EAE /* DetalheViewController.swift */; };
		A6A478841CDBBCF200C87F9F /* AppDelegate.swift in Sources */ = {isa = PBXBuildFile; fileRef = A6A478831CDBBCF200C87F9F /* AppDelegate.swift */; };
		A6A478861CDBBCF200C87F9F /* ViewController.swift in Sources */ = {isa = PBXBuildFile; fileRef = A6A478851CDBBCF200C87F9F /* ViewController.swift */; };
		A6A478891CDBBCF200C87F9F /* Main.storyboard in Resources */ = {isa = PBXBuildFile; fileRef = A6A478871CDBBCF200C87F9F /* Main.storyboard */; };
		A6A4788C1CDBBCF200C87F9F /* Imdb.xcdatamodeld in Sources */ = {isa = PBXBuildFile; fileRef = A6A4788A1CDBBCF200C87F9F /* Imdb.xcdatamodeld */; };
		A6A4788E1CDBBCF200C87F9F /* Assets.xcassets in Resources */ = {isa = PBXBuildFile; fileRef = A6A4788D1CDBBCF200C87F9F /* Assets.xcassets */; };
		A6A478911CDBBCF200C87F9F /* LaunchScreen.storyboard in Resources */ = {isa = PBXBuildFile; fileRef = A6A4788F1CDBBCF200C87F9F /* LaunchScreen.storyboard */; };
		A6E681611CEFFDAE000D1338 /* add.png in Resources */ = {isa = PBXBuildFile; fileRef = A6E681601CEFFDAE000D1338 /* add.png */; };
		A6E681631CEFFE96000D1338 /* add2.png in Resources */ = {isa = PBXBuildFile; fileRef = A6E681621CEFFE96000D1338 /* add2.png */; };
		A6E681661CF0096C000D1338 /* FIlmeCell.swift in Sources */ = {isa = PBXBuildFile; fileRef = A6E681651CF0096C000D1338 /* FIlmeCell.swift */; };
		A6E681681CF00B80000D1338 /* placeholder.jpg in Resources */ = {isa = PBXBuildFile; fileRef = A6E681671CF00B80000D1338 /* placeholder.jpg */; };
		A6EAD4681CF09DE20054EFEA /* add_icon.png in Resources */ = {isa = PBXBuildFile; fileRef = A6EAD4671CF09DE20054EFEA /* add_icon.png */; };
		A6EAD46A1CF0A6B90054EFEA /* textura.jpg in Resources */ = {isa = PBXBuildFile; fileRef = A6EAD4691CF0A6B90054EFEA /* textura.jpg */; };
		A6EAD46C1CF0A8CC0054EFEA /* textura2.jpg in Resources */ = {isa = PBXBuildFile; fileRef = A6EAD46B1CF0A8CC0054EFEA /* textura2.jpg */; };
		A6EAD46E1CF0A9F40054EFEA /* textura3.jpg in Resources */ = {isa = PBXBuildFile; fileRef = A6EAD46D1CF0A9F40054EFEA /* textura3.jpg */; };
		A6F290D51CEFBC7200031740 /* plus.png in Resources */ = {isa = PBXBuildFile; fileRef = A6F290D41CEFBC7200031740 /* plus.png */; };
/* End PBXBuildFile section */

/* Begin PBXFileReference section */
		A655B3411CDF756C001FDB1A /* Request.swift */ = {isa = PBXFileReference; fileEncoding = 4; lastKnownFileType = sourcecode.swift; path = Request.swift; sourceTree = "<group>"; };
		A655B3441CDF7873001FDB1A /* Helper.swift */ = {isa = PBXFileReference; fileEncoding = 4; lastKnownFileType = sourcecode.swift; path = Helper.swift; sourceTree = "<group>"; };
		A655B3461CDFEC82001FDB1A /* Reachability.swift */ = {isa = PBXFileReference; fileEncoding = 4; lastKnownFileType = sourcecode.swift; path = Reachability.swift; sourceTree = "<group>"; };
		A68422411CDCE64300844EAE /* DetalheViewController.swift */ = {isa = PBXFileReference; fileEncoding = 4; lastKnownFileType = sourcecode.swift; path = DetalheViewController.swift; sourceTree = "<group>"; };
		A6A478801CDBBCF000C87F9F /* Imdb.app */ = {isa = PBXFileReference; explicitFileType = wrapper.application; includeInIndex = 0; path = Imdb.app; sourceTree = BUILT_PRODUCTS_DIR; };
		A6A478831CDBBCF200C87F9F /* AppDelegate.swift */ = {isa = PBXFileReference; lastKnownFileType = sourcecode.swift; path = AppDelegate.swift; sourceTree = "<group>"; };
		A6A478851CDBBCF200C87F9F /* ViewController.swift */ = {isa = PBXFileReference; lastKnownFileType = sourcecode.swift; path = ViewController.swift; sourceTree = "<group>"; };
		A6A478881CDBBCF200C87F9F /* Base */ = {isa = PBXFileReference; lastKnownFileType = file.storyboard; name = Base; path = Base.lproj/Main.storyboard; sourceTree = "<group>"; };
		A6A4788B1CDBBCF200C87F9F /* Imdb.xcdatamodel */ = {isa = PBXFileReference; lastKnownFileType = wrapper.xcdatamodel; path = Imdb.xcdatamodel; sourceTree = "<group>"; };
		A6A4788D1CDBBCF200C87F9F /* Assets.xcassets */ = {isa = PBXFileReference; lastKnownFileType = folder.assetcatalog; path = Assets.xcassets; sourceTree = "<group>"; };
		A6A478901CDBBCF200C87F9F /* Base */ = {isa = PBXFileReference; lastKnownFileType = file.storyboard; name = Base; path = Base.lproj/LaunchScreen.storyboard; sourceTree = "<group>"; };
		A6A478921CDBBCF200C87F9F /* Info.plist */ = {isa = PBXFileReference; lastKnownFileType = text.plist.xml; path = Info.plist; sourceTree = "<group>"; };
		A6E681601CEFFDAE000D1338 /* add.png */ = {isa = PBXFileReference; lastKnownFileType = image.png; path = add.png; sourceTree = "<group>"; };
		A6E681621CEFFE96000D1338 /* add2.png */ = {isa = PBXFileReference; lastKnownFileType = image.png; path = add2.png; sourceTree = "<group>"; };
		A6E681651CF0096C000D1338 /* FIlmeCell.swift */ = {isa = PBXFileReference; fileEncoding = 4; lastKnownFileType = sourcecode.swift; path = FIlmeCell.swift; sourceTree = "<group>"; };
		A6E681671CF00B80000D1338 /* placeholder.jpg */ = {isa = PBXFileReference; lastKnownFileType = image.jpeg; path = placeholder.jpg; sourceTree = "<group>"; };
		A6EAD4671CF09DE20054EFEA /* add_icon.png */ = {isa = PBXFileReference; lastKnownFileType = image.png; path = add_icon.png; sourceTree = "<group>"; };
		A6EAD4691CF0A6B90054EFEA /* textura.jpg */ = {isa = PBXFileReference; lastKnownFileType = image.jpeg; path = textura.jpg; sourceTree = "<group>"; };
		A6EAD46B1CF0A8CC0054EFEA /* textura2.jpg */ = {isa = PBXFileReference; lastKnownFileType = image.jpeg; path = textura2.jpg; sourceTree = "<group>"; };
		A6EAD46D1CF0A9F40054EFEA /* textura3.jpg */ = {isa = PBXFileReference; lastKnownFileType = image.jpeg; path = textura3.jpg; sourceTree = "<group>"; };
		A6F290D41CEFBC7200031740 /* plus.png */ = {isa = PBXFileReference; lastKnownFileType = image.png; path = plus.png; sourceTree = "<group>"; };
/* End PBXFileReference section */

/* Begin PBXFrameworksBuildPhase section */
		A6A4787D1CDBBCF000C87F9F /* Frameworks */ = {
			isa = PBXFrameworksBuildPhase;
			buildActionMask = 2147483647;
			files = (
			);
			runOnlyForDeploymentPostprocessing = 0;
		};
/* End PBXFrameworksBuildPhase section */

/* Begin PBXGroup section */
		A655B3431CDF7607001FDB1A /* util */ = {
			isa = PBXGroup;
			children = (
				A655B3411CDF756C001FDB1A /* Request.swift */,
				A655B3441CDF7873001FDB1A /* Helper.swift */,
				A655B3461CDFEC82001FDB1A /* Reachability.swift */,
			);
			name = util;
			sourceTree = "<group>";
		};
		A6A478771CDBBCF000C87F9F = {
			isa = PBXGroup;
			children = (
				A6A478821CDBBCF200C87F9F /* Imdb */,
				A6A478811CDBBCF000C87F9F /* Products */,
			);
			sourceTree = "<group>";
		};
		A6A478811CDBBCF000C87F9F /* Products */ = {
			isa = PBXGroup;
			children = (
				A6A478801CDBBCF000C87F9F /* Imdb.app */,
			);
			name = Products;
			sourceTree = "<group>";
		};
		A6A478821CDBBCF200C87F9F /* Imdb */ = {
			isa = PBXGroup;
			children = (
				A6E681641CF00947000D1338 /* cell */,
				A6F290D31CEFBC5B00031740 /* img */,
				A655B3431CDF7607001FDB1A /* util */,
				A6A478981CDC05CC00C87F9F /* model */,
				A6A478831CDBBCF200C87F9F /* AppDelegate.swift */,
				A6A478851CDBBCF200C87F9F /* ViewController.swift */,
				A68422411CDCE64300844EAE /* DetalheViewController.swift */,
				A6A478871CDBBCF200C87F9F /* Main.storyboard */,
				A6A4788D1CDBBCF200C87F9F /* Assets.xcassets */,
				A6A4788F1CDBBCF200C87F9F /* LaunchScreen.storyboard */,
				A6A478921CDBBCF200C87F9F /* Info.plist */,
				A6A4788A1CDBBCF200C87F9F /* Imdb.xcdatamodeld */,
			);
			path = Imdb;
			sourceTree = "<group>";
		};
		A6A478981CDC05CC00C87F9F /* model */ = {
			isa = PBXGroup;
			children = (
			);
			name = model;
			sourceTree = "<group>";
		};
		A6E681641CF00947000D1338 /* cell */ = {
			isa = PBXGroup;
			children = (
				A6E681651CF0096C000D1338 /* FIlmeCell.swift */,
			);
			name = cell;
			sourceTree = "<group>";
		};
		A6F290D31CEFBC5B00031740 /* img */ = {
			isa = PBXGroup;
			children = (
				A6EAD46D1CF0A9F40054EFEA /* textura3.jpg */,
				A6EAD46B1CF0A8CC0054EFEA /* textura2.jpg */,
				A6EAD4691CF0A6B90054EFEA /* textura.jpg */,
				A6EAD4671CF09DE20054EFEA /* add_icon.png */,
				A6E681671CF00B80000D1338 /* placeholder.jpg */,
				A6E681621CEFFE96000D1338 /* add2.png */,
				A6E681601CEFFDAE000D1338 /* add.png */,
				A6F290D41CEFBC7200031740 /* plus.png */,
			);
			name = img;
			sourceTree = "<group>";
		};
/* End PBXGroup section */

/* Begin PBXNativeTarget section */
		A6A4787F1CDBBCF000C87F9F /* Imdb */ = {
			isa = PBXNativeTarget;
			buildConfigurationList = A6A478951CDBBCF200C87F9F /* Build configuration list for PBXNativeTarget "Imdb" */;
			buildPhases = (
				A6A4787C1CDBBCF000C87F9F /* Sources */,
				A6A4787D1CDBBCF000C87F9F /* Frameworks */,
				A6A4787E1CDBBCF000C87F9F /* Resources */,
			);
			buildRules = (
			);
			dependencies = (
			);
			name = Imdb;
			productName = Imdb;
			productReference = A6A478801CDBBCF000C87F9F /* Imdb.app */;
			productType = "com.apple.product-type.application";
		};
/* End PBXNativeTarget section */

/* Begin PBXProject section */
		A6A478781CDBBCF000C87F9F /* Project object */ = {
			isa = PBXProject;
			attributes = {
				LastSwiftUpdateCheck = 0730;
				LastUpgradeCheck = 0730;
				ORGANIZATIONNAME = "Imdb Teste Inc.";
				TargetAttributes = {
					A6A4787F1CDBBCF000C87F9F = {
						CreatedOnToolsVersion = 7.3;
					};
				};
			};
			buildConfigurationList = A6A4787B1CDBBCF000C87F9F /* Build configuration list for PBXProject "Imdb" */;
			compatibilityVersion = "Xcode 3.2";
			developmentRegion = English;
			hasScannedForEncodings = 0;
			knownRegions = (
				en,
				Base,
			);
			mainGroup = A6A478771CDBBCF000C87F9F;
			productRefGroup = A6A478811CDBBCF000C87F9F /* Products */;
			projectDirPath = "";
			projectRoot = "";
			targets = (
				A6A4787F1CDBBCF000C87F9F /* Imdb */,
			);
		};
/* End PBXProject section */

/* Begin PBXResourcesBuildPhase section */
		A6A4787E1CDBBCF000C87F9F /* Resources */ = {
			isa = PBXResourcesBuildPhase;
			buildActionMask = 2147483647;
			files = (
				A6EAD4681CF09DE20054EFEA /* add_icon.png in Resources */,
				A6A478911CDBBCF200C87F9F /* LaunchScreen.storyboard in Resources */,
				A6A4788E1CDBBCF200C87F9F /* Assets.xcassets in Resources */,
				A6EAD46A1CF0A6B90054EFEA /* textura.jpg in Resources */,
				A6E681631CEFFE96000D1338 /* add2.png in Resources */,
				A6EAD46E1CF0A9F40054EFEA /* textura3.jpg in Resources */,
				A6A478891CDBBCF200C87F9F /* Main.storyboard in Resources */,
				A6EAD46C1CF0A8CC0054EFEA /* textura2.jpg in Resources */,
				A6E681681CF00B80000D1338 /* placeholder.jpg in Resources */,
				A6E681611CEFFDAE000D1338 /* add.png in Resources */,
				A6F290D51CEFBC7200031740 /* plus.png in Resources */,
			);
			runOnlyForDeploymentPostprocessing = 0;
		};
/* End PBXResourcesBuildPhase section */

/* Begin PBXSourcesBuildPhase section */
		A6A4787C1CDBBCF000C87F9F /* Sources */ = {
			isa = PBXSourcesBuildPhase;
			buildActionMask = 2147483647;
			files = (
				A655B3471CDFEC82001FDB1A /* Reachability.swift in Sources */,
				A68422421CDCE64300844EAE /* DetalheViewController.swift in Sources */,
				A6A4788C1CDBBCF200C87F9F /* Imdb.xcdatamodeld in Sources */,
				A655B3421CDF756C001FDB1A /* Request.swift in Sources */,
				A6A478861CDBBCF200C87F9F /* ViewController.swift in Sources */,
				A6A478841CDBBCF200C87F9F /* AppDelegate.swift in Sources */,
				A655B3451CDF7873001FDB1A /* Helper.swift in Sources */,
				A6E681661CF0096C000D1338 /* FIlmeCell.swift in Sources */,
			);
			runOnlyForDeploymentPostprocessing = 0;
		};
/* End PBXSourcesBuildPhase section */

/* Begin PBXVariantGroup section */
		A6A478871CDBBCF200C87F9F /* Main.storyboard */ = {
			isa = PBXVariantGroup;
			children = (
				A6A478881CDBBCF200C87F9F /* Base */,
			);
			name = Main.storyboard;
			sourceTree = "<group>";
		};
		A6A4788F1CDBBCF200C87F9F /* LaunchScreen.storyboard */ = {
			isa = PBXVariantGroup;
			children = (
				A6A478901CDBBCF200C87F9F /* Base */,
			);
			name = LaunchScreen.storyboard;
			sourceTree = "<group>";
		};
/* End PBXVariantGroup section */

/* Begin XCBuildConfiguration section */
		A6A478931CDBBCF200C87F9F /* Debug */ = {
			isa = XCBuildConfiguration;
			buildSettings = {
				ALWAYS_SEARCH_USER_PATHS = NO;
				CLANG_ANALYZER_NONNULL = YES;
				CLANG_CXX_LANGUAGE_STANDARD = "gnu++0x";
				CLANG_CXX_LIBRARY = "libc++";
				CLANG_ENABLE_MODULES = YES;
				CLANG_ENABLE_OBJC_ARC = YES;
				CLANG_WARN_BOOL_CONVERSION = YES;
				CLANG_WARN_CONSTANT_CONVERSION = YES;
				CLANG_WARN_DIRECT_OBJC_ISA_USAGE = YES_ERROR;
				CLANG_WARN_EMPTY_BODY = YES;
				CLANG_WARN_ENUM_CONVERSION = YES;
				CLANG_WARN_INT_CONVERSION = YES;
				CLANG_WARN_OBJC_ROOT_CLASS = YES_ERROR;
				CLANG_WARN_UNREACHABLE_CODE = YES;
				CLANG_WARN__DUPLICATE_METHOD_MATCH = YES;
				"CODE_SIGN_IDENTITY[sdk=iphoneos*]" = "iPhone Developer";
				COPY_PHASE_STRIP = NO;
				DEBUG_INFORMATION_FORMAT = dwarf;
				ENABLE_STRICT_OBJC_MSGSEND = YES;
				ENABLE_TESTABILITY = YES;
				GCC_C_LANGUAGE_STANDARD = gnu99;
				GCC_DYNAMIC_NO_PIC = NO;
				GCC_NO_COMMON_BLOCKS = YES;
				GCC_OPTIMIZATION_LEVEL = 0;
				GCC_PREPROCESSOR_DEFINITIONS = (
					"DEBUG=1",
					"$(inherited)",
				);
				GCC_WARN_64_TO_32_BIT_CONVERSION = YES;
				GCC_WARN_ABOUT_RETURN_TYPE = YES_ERROR;
				GCC_WARN_UNDECLARED_SELECTOR = YES;
				GCC_WARN_UNINITIALIZED_AUTOS = YES_AGGRESSIVE;
				GCC_WARN_UNUSED_FUNCTION = YES;
				GCC_WARN_UNUSED_VARIABLE = YES;
				IPHONEOS_DEPLOYMENT_TARGET = 9.3;
				MTL_ENABLE_DEBUG_INFO = YES;
				ONLY_ACTIVE_ARCH = YES;
				SDKROOT = iphoneos;
				SWIFT_OPTIMIZATION_LEVEL = "-Onone";
			};
			name = Debug;
		};
		A6A478941CDBBCF200C87F9F /* Release */ = {
			isa = XCBuildConfiguration;
			buildSettings = {
				ALWAYS_SEARCH_USER_PATHS = NO;
				CLANG_ANALYZER_NONNULL = YES;
				CLANG_CXX_LANGUAGE_STANDARD = "gnu++0x";
				CLANG_CXX_LIBRARY = "libc++";
				CLANG_ENABLE_MODULES = YES;
				CLANG_ENABLE_OBJC_ARC = YES;
				CLANG_WARN_BOOL_CONVERSION = YES;
				CLANG_WARN_CONSTANT_CONVERSION = YES;
				CLANG_WARN_DIRECT_OBJC_ISA_USAGE = YES_ERROR;
				CLANG_WARN_EMPTY_BODY = YES;
				CLANG_WARN_ENUM_CONVERSION = YES;
				CLANG_WARN_INT_CONVERSION = YES;
				CLANG_WARN_OBJC_ROOT_CLASS = YES_ERROR;
				CLANG_WARN_UNREACHABLE_CODE = YES;
				CLANG_WARN__DUPLICATE_METHOD_MATCH = YES;
				"CODE_SIGN_IDENTITY[sdk=iphoneos*]" = "iPhone Developer";
				COPY_PHASE_STRIP = NO;
				DEBUG_INFORMATION_FORMAT = "dwarf-with-dsym";
				ENABLE_NS_ASSERTIONS = NO;
				ENABLE_STRICT_OBJC_MSGSEND = YES;
				GCC_C_LANGUAGE_STANDARD = gnu99;
				GCC_NO_COMMON_BLOCKS = YES;
				GCC_WARN_64_TO_32_BIT_CONVERSION = YES;
				GCC_WARN_ABOUT_RETURN_TYPE = YES_ERROR;
				GCC_WARN_UNDECLARED_SELECTOR = YES;
				GCC_WARN_UNINITIALIZED_AUTOS = YES_AGGRESSIVE;
				GCC_WARN_UNUSED_FUNCTION = YES;
				GCC_WARN_UNUSED_VARIABLE = YES;
				IPHONEOS_DEPLOYMENT_TARGET = 9.3;
				MTL_ENABLE_DEBUG_INFO = NO;
				SDKROOT = iphoneos;
				VALIDATE_PRODUCT = YES;
			};
			name = Release;
		};
		A6A478961CDBBCF200C87F9F /* Debug */ = {
			isa = XCBuildConfiguration;
			buildSettings = {
				ASSETCATALOG_COMPILER_APPICON_NAME = AppIcon;
				INFOPLIST_FILE = Imdb/Info.plist;
				LD_RUNPATH_SEARCH_PATHS = "$(inherited) @executable_path/Frameworks";
				PRODUCT_BUNDLE_IDENTIFIER = com.imdb.Imdb;
				PRODUCT_NAME = "$(TARGET_NAME)";
			};
			name = Debug;
		};
		A6A478971CDBBCF200C87F9F /* Release */ = {
			isa = XCBuildConfiguration;
			buildSettings = {
				ASSETCATALOG_COMPILER_APPICON_NAME = AppIcon;
				INFOPLIST_FILE = Imdb/Info.plist;
				LD_RUNPATH_SEARCH_PATHS = "$(inherited) @executable_path/Frameworks";
				PRODUCT_BUNDLE_IDENTIFIER = com.imdb.Imdb;
				PRODUCT_NAME = "$(TARGET_NAME)";
			};
			name = Release;
		};
/* End XCBuildConfiguration section */

/* Begin XCConfigurationList section */
		A6A4787B1CDBBCF000C87F9F /* Build configuration list for PBXProject "Imdb" */ = {
			isa = XCConfigurationList;
			buildConfigurations = (
				A6A478931CDBBCF200C87F9F /* Debug */,
				A6A478941CDBBCF200C87F9F /* Release */,
			);
			defaultConfigurationIsVisible = 0;
			defaultConfigurationName = Release;
		};
		A6A478951CDBBCF200C87F9F /* Build configuration list for PBXNativeTarget "Imdb" */ = {
			isa = XCConfigurationList;
			buildConfigurations = (
				A6A478961CDBBCF200C87F9F /* Debug */,
				A6A478971CDBBCF200C87F9F /* Release */,
			);
			defaultConfigurationIsVisible = 0;
			defaultConfigurationName = Release;
		};
/* End XCConfigurationList section */

/* Begin XCVersionGroup section */
		A6A4788A1CDBBCF200C87F9F /* Imdb.xcdatamodeld */ = {
			isa = XCVersionGroup;
			children = (
				A6A4788B1CDBBCF200C87F9F /* Imdb.xcdatamodel */,
			);
			currentVersion = A6A4788B1CDBBCF200C87F9F /* Imdb.xcdatamodel */;
			path = Imdb.xcdatamodeld;
			sourceTree = "<group>";
			versionGroupType = wrapper.xcdatamodel;
		};
/* End XCVersionGroup section */
	};
	rootObject = A6A478781CDBBCF000C87F9F /* Project object */;
}
